{
  "version": 2,
  "dependencies": {
    "net10.0": {
      "ReferenceTrimmer": {
        "type": "Direct",
        "requested": "[3.5.1, )",
        "resolved": "3.5.1",
        "contentHash": "C6QtR9syjnqQAQlVBCQHcL7aszJ2vQUK8RZt/hettCfBhbuDp+6hL0+XFvT5G4iQUk2YaLfUCVuLvPzKmfqtfw=="
      }
    }
  }
}