{
  "version": 2,
  "dependencies": {
    "net10.0": {
      "Docker.DotNet": {
        "type": "Direct",
        "requested": "[3.125.15, )",
        "resolved": "3.125.15",
        "contentHash": "XN8FKxVv8Mjmwu104/Hl9lM61pLY675s70gzwSj8KR5pwblo8HfWLcCuinh9kYsqujBkMH4HVRCEcRuU6al4BQ==",
        "dependencies": {
          "Newtonsoft.Json": "13.0.1"
        }
      },
      "dotenv.net": {
        "type": "Direct",
        "requested": "[4.2.0, )",
        "resolved": "4.2.0",
        "contentHash": "3j0Vw0f8Hn0NQyXFqbURgNifPXL9hMLrNJ/f7+uOj8LGxlUdNCU5mErPa52UqHn8RocjUvMS/UnakCr4Fk8mMQ=="
      },
      "Grafana.OpenTelemetry": {
        "type": "Direct",
        "requested": "[1.13.0, )",
        "resolved": "1.13.0",
        "contentHash": "Gh1mDplmB5uwP3XNjg4PTnruN9Y/YbqyHYMicFOqyKe4U7hm89XBQG+eyfYe9tX8IHhpdjPvuKZwHgo8nc9DKg==",
        "dependencies": {
          "CassandraCSharpDriver": "3.22.0",
          "Grafana.OpenTelemetry.Base": "1.13.0",
          "OpenTelemetry.Extensions.Hosting": "1.19.1",
          "OpenTelemetry.Instrumentation.AWS": "1.19.1",
          "OpenTelemetry.Instrumentation.AWSLambda": "1.19.1",
          "OpenTelemetry.Instrumentation.AspNetCore": "1.19.0",
          "OpenTelemetry.Instrumentation.Cassandra": "1.0.0-beta.10",
          "OpenTelemetry.Instrumentation.ElasticsearchClient": "1.19.1-beta.1",
          "OpenTelemetry.Instrumentation.EntityFrameworkCore": "1.19.0-beta.1",
          "OpenTelemetry.Instrumentation.Hangfire": "1.19.0-beta.1",
          "OpenTelemetry.Instrumentation.Quartz": "1.19.0-beta.1",
          "OpenTelemetry.Instrumentation.StackExchangeRedis": "1.19.0-beta.1",
          "OpenTelemetry.Instrumentation.Wcf": "1.19.1-beta.1"
        }
      },
      "Microsoft.AspNetCore.OpenApi": {
        "type": "Direct",
        "requested": "[10.0.12, )",
        "resolved": "10.0.12",
        "contentHash": "7RnQ/UKn+kK3JDLmTpW+vVqNErWthGPAVAy1aIiBzv4ucQ6g9NFvOJUuT0PHcpvcJxGVxctMxj6t+NESWMrgHQ==",
        "dependencies": {
          "Microsoft.OpenApi": "[2.12.0, 3.0.0)"
        }
      },
      "Microsoft.AspNetCore.SpaProxy": {
        "type": "Direct",
        "requested": "[10.0.12, )",
        "resolved": "10.0.12",
        "contentHash": "CsKyQCX3M8XjvZoy3WVn3B8+a89ZvvYvEDZn3omdZQbjGRkFGN9JD/KBAPzKNHB4gfpi4eR6iw0RPQw1tAszxw=="
      },
      "Microsoft.Azure.SignalR": {
        "type": "Direct",
        "requested": "[1.33.1, )",
        "resolved": "1.33.1",
        "contentHash": "WdHXYYxR8Ed7EAivuK143oSQMAp3dDlql6pf7p5xwW/l5hxAM5IF9KlHE+SeHz0B5dg2jUnRNCYCAplVEcBHdg==",
        "dependencies": {
          "Azure.Identity": "1.11.4",
          "Microsoft.Azure.SignalR.Protocols": "1.33.1",
          "Newtonsoft.Json": "13.0.3"
        }
      },
      "Microsoft.VisualStudio.Azure.Containers.Tools.Targets": {
        "type": "Direct",
        "requested": "[1.23.0, )",
        "resolved": "1.23.0",
        "contentHash": "2wDnb4umupJZ/1ikgWozFVpggH1mlHQFc0odXVv2ZagL3RYwXgW9zmC15fiqIBzmaC0vLZUnLGwDY+p8ZR7Syw=="
      },
      "NetCord.Hosting": {
        "type": "Direct",
        "requested": "[1.0.0-beta.28, )",
        "resolved": "1.0.0-beta.28",
        "contentHash": "Q8iSu6nosmkYXicUnGhwxWsGu3FmqBL4Z2KfRwvZ21zODZ1kINn3/FgeUm0PSX6imv8/SgFebvdg2Ecx6KMBZg==",
        "dependencies": {
          "NetCord": "1.0.0-beta.28"
        }
      },
      "OpenTelemetry.Exporter.OpenTelemetryProtocol": {
        "type": "Direct",
        "requested": "[1.19.1, )",
        "resolved": "1.19.1",
        "contentHash": "vsYYOBf/KxNubnuoja8pjJ9LG0zCC9HAYPay+R6N5ZKZMbhNdKWbaq6JZqJqTvK+55rudiqErJySekf9ql8okA==",
        "dependencies": {
          "OpenTelemetry": "1.19.1"
        }
      },
      "ReferenceTrimmer": {
        "type": "Direct",
        "requested": "[3.5.9, )",
        "resolved": "3.5.9",
        "contentHash": "yxiTijEk4Su7Ama9Dny8HNC0tpFg7+8y5F8E2FnNuzc0+OzwAwrSxeFSRcBkW1BtC4SEiohsKFtYRH+a2QpJdQ=="
      },
      "Reinforced.Typings": {
        "type": "Direct",
        "requested": "[1.6.7, )",
        "resolved": "1.6.7",
        "contentHash": "5CmAqyjo8TD1y26chOoZ9WQHd5PSHMy1tRX2KuScU82TKoye8XPJTrA0ocjD8839xqLNncyow39x8kpv19wFlQ=="
      },
      "Scalar.AspNetCore": {
        "type": "Direct",
        "requested": "[2.17.13, )",
        "resolved": "2.17.13",
        "contentHash": "+R0eJtJIIHW9owY61rIOgR2lywjZnjqUPAM7ll+lZYML7mZ4LxokG6wpAmkuyaLS1Ml4fI4kdAC2U6KkdrDDiA=="
      },
      "Amazon.Lambda.APIGatewayEvents": {
        "type": "Transitive",
        "resolved": "2.7.0",
        "contentHash": "HAbdRKLzvUqRg/fItan7up/PWsj6vQfYF+1a4YV6sv1bq5TuK/ra+ndJwWMlzL+MFJzJaHwCmtkyBbh/vz8Oig=="
      },
      "Amazon.Lambda.ApplicationLoadBalancerEvents": {
        "type": "Transitive",
        "resolved": "2.2.0",
        "contentHash": "UtCd9tFuVyED8+DmDKEkdXJbAb/TdHIz51R/CsJCexKerO6HGOG87FGId4Ce9IXE+qjlBGyNQsKCw9oLLNe0hw=="
      },
      "Amazon.Lambda.Core": {
        "type": "Transitive",
        "resolved": "2.8.0",
        "contentHash": "mZnqCrLuNvB9T9/bCIcu/7H8HWd3yi6sEDzRE76D9ym06D+CoEfJ/EG4w7FucclvpSXO7ui/MKpzqhEnR2FAVg=="
      },
      "Amazon.Lambda.SNSEvents": {
        "type": "Transitive",
        "resolved": "2.1.0",
        "contentHash": "w2PKM5eQ6DNCR07H6SwHdcPXAr/qKQhNoAD+8bWydpgh4QdS2O4heo9vxhxn1g5FMSKeOxVa2zMKUZ9xeSYPZw=="
      },
      "Amazon.Lambda.SQSEvents": {
        "type": "Transitive",
        "resolved": "2.2.0",
        "contentHash": "RyYLgEa6nh+VJrCfTDKxvTLS1+eLDIIDyHgwDY3TR1WQz1+UeDIcccOJvoDk2nmjkSA0TfWJmZX9Ld0ySf57lA=="
      },
      "AWSSDK.Core": {
        "type": "Transitive",
        "resolved": "4.0.3.3",
        "contentHash": "YQv10JuxnciWh0QwnkarSbge4gXQV1qTURf5jkBjNUH/3jYS9QrbxopA4TK1qdjfOfP37tqiJkLSrRRNqX81aw=="
      },
      "AWSSDK.SimpleNotificationService": {
        "type": "Transitive",
        "resolved": "4.0.2.7",
        "contentHash": "WO0xjj2demSh3hPKQtSS3XyncITIUlENCeLv/FZsteMJh4HpfGwxp1dbq8YnaR90ddzvyPU6uj675WGuMf6zgg==",
        "dependencies": {
          "AWSSDK.Core": "[4.0.3.3, 5.0.0)"
        }
      },
      "AWSSDK.SQS": {
        "type": "Transitive",
        "resolved": "4.0.2.5",
        "contentHash": "bHA9m/2RZHNKt6NGvQ56rfEDj/pfUlcwPeCg2HmPJ3jZPyoerBuEsYvFkMP3YJNv3aoycNWZoiDk0/ULP0tEyA==",
        "dependencies": {
          "AWSSDK.Core": "[4.0.3.3, 5.0.0)"
        }
      },
      "Azure.Core": {
        "type": "Transitive",
        "resolved": "1.38.0",
        "contentHash": "IuEgCoVA0ef7E4pQtpC3+TkPbzaoQfa77HlfJDmfuaJUCVJmn7fT0izamZiryW5sYUFKizsftIxMkXKbgIcPMQ==",
        "dependencies": {
          "Microsoft.Bcl.AsyncInterfaces": "1.1.1",
          "System.ClientModel": "1.0.0",
          "System.Memory.Data": "1.0.2"
        }
      },
      "Azure.Identity": {
        "type": "Transitive",
        "resolved": "1.11.4",
        "contentHash": "Sf4BoE6Q3jTgFkgBkx7qztYOFELBCo+wQgpYDwal/qJ1unBH73ywPztIJKXBXORRzAeNijsuxhk94h0TIMvfYg==",
        "dependencies": {
          "Azure.Core": "1.38.0",
          "Microsoft.Identity.Client": "4.61.3",
          "Microsoft.Identity.Client.Extensions.Msal": "4.61.3",
          "System.Security.Cryptography.ProtectedData": "4.7.0"
        }
      },
      "CassandraCSharpDriver": {
        "type": "Transitive",
        "resolved": "3.22.0",
        "contentHash": "T5vjErmZ42Q1TAzbYSJvOrAzOZmb/d+v3OoIYrKfbcqjDuvedd61e0bAaaLpgiujPBBO+qFpxR4T0WSXkMr/fA==",
        "dependencies": {
          "K4os.Compression.LZ4": "1.1.11",
          "Newtonsoft.Json": "9.0.1",
          "System.Management": "4.7.0"
        }
      },
      "Grafana.OpenTelemetry.Base": {
        "type": "Transitive",
        "resolved": "1.13.0",
        "contentHash": "g3ABk/LYz6q/fKgw4otT4P3c+83PMyMK7bjXOL94XIdj2i7sKfAia/NItZJ0EZUP6sVz3OtNOQJ23UEZ4BQngg==",
        "dependencies": {
          "OpenTelemetry": "1.19.1",
          "OpenTelemetry.Exporter.OpenTelemetryProtocol": "1.19.1",
          "OpenTelemetry.Instrumentation.GrpcNetClient": "1.19.1-beta.1",
          "OpenTelemetry.Instrumentation.Http": "1.19.0",
          "OpenTelemetry.Instrumentation.Process": "1.19.0-rc.1",
          "OpenTelemetry.Instrumentation.Runtime": "1.19.0",
          "OpenTelemetry.Instrumentation.SqlClient": "1.19.0",
          "OpenTelemetry.Resources.Container": "1.19.1-beta.1",
          "OpenTelemetry.Resources.Host": "1.19.1-beta.1",
          "OpenTelemetry.Resources.OperatingSystem": "1.19.1-beta.1",
          "OpenTelemetry.Resources.Process": "1.19.1-rc.1",
          "OpenTelemetry.Resources.ProcessRuntime": "1.19.1-beta.1"
        }
      },
      "Hangfire.Core": {
        "type": "Transitive",
        "resolved": "1.7.0",
        "contentHash": "ZWfWcE+kOWjKy7l/rsVtZmxs5XdltJY5ndx+vy7enD85ZVgc0Z+nIOZ/PfBhQQ68vGOfwOudpQVHuwXlSn7/fQ==",
        "dependencies": {
          "Newtonsoft.Json": "11.0.1"
        }
      },
      "K4os.Compression.LZ4": {
        "type": "Transitive",
        "resolved": "1.1.11",
        "contentHash": "RNvJw0UGkedPhCqVBNIogtfQebY+bQt0PN7xDbVe5LWLra0ZEqPfjPSl7iStj3rgDnkqkkTTpm+vCX3hU1qKmA=="
      },
      "Microsoft.Azure.SignalR.Protocols": {
        "type": "Transitive",
        "resolved": "1.33.1",
        "contentHash": "LrYSu8y0aSrt1r50A40mcNPpOgHbHEKXkp069YvJcdOTj4E7X1ZKHOtBOfNAeu/O03qSkaOw+GACcf+JIhP/1A=="
      },
      "Microsoft.Bcl.AsyncInterfaces": {
        "type": "Transitive",
        "resolved": "6.0.0",
        "contentHash": "UcSjPsst+DfAdJGVDsu346FX0ci0ah+lw3WRtn18NUwEqRt70HaOQ7lI72vy3+1LxtqI3T5GWwV39rQSrCzAeg=="
      },
      "Microsoft.CodeAnalysis.Analyzers": {
        "type": "Transitive",
        "resolved": "5.9.0-1.26328.17",
        "contentHash": "HP9NNk8ZjOSI2hgOyXnQg+kv7/X837Vr2nAlXiGAtqtYnYKjRRa1UmQFr8KFs5ynGYKqfbb8zB9APoWjiAGdMg=="
      },
      "Microsoft.CodeAnalysis.Common": {
        "type": "Transitive",
        "resolved": "5.9.0",
        "contentHash": "IYaIaUWdIx539AReKZOBEqTskFusZfCh/wFSPilDvCn5Say8MegLw2LONcSIcVy+v3Gzv53qYBspgvBGSErfbQ==",
        "dependencies": {
          "Microsoft.CodeAnalysis.Analyzers": "5.9.0-1.26328.17"
        }
      },
      "Microsoft.Data.Sqlite.Core": {
        "type": "Transitive",
        "resolved": "10.0.12",
        "contentHash": "2aL9eL5HQr0V4b8V909SD+jQAx6qnTTl7sT/v3D8dIvmr2UGdpZIQxqm1pj2Js3e4EYTvpw0oMH7DjapJJuPPw==",
        "dependencies": {
          "SQLitePCLRaw.core": "2.1.12"
        }
      },
      "Microsoft.EntityFrameworkCore": {
        "type": "Transitive",
        "resolved": "10.0.12",
        "contentHash": "e7OrVN8U5yr4kuwdTHWBHGVQIVsGfMkAr0Ej1/BnrS989Q0XBVANpIzNZ2bc1GvMZ0/XwMt5InTnmKskxGy99Q==",
        "dependencies": {
          "Microsoft.EntityFrameworkCore.Abstractions": "10.0.12",
          "Microsoft.EntityFrameworkCore.Analyzers": "10.0.12"
        }
      },
      "Microsoft.EntityFrameworkCore.Abstractions": {
        "type": "Transitive",
        "resolved": "10.0.12",
        "contentHash": "kDrux7T6C3V/YYYe2LXr7x6AEsVyq5Y2YoTE9er1SwbDtap3z1g8RgxNh5eKQVyB4T+DKvBBJ4Ezd/VZzJQJZg=="
      },
      "Microsoft.EntityFrameworkCore.Analyzers": {
        "type": "Transitive",
        "resolved": "10.0.12",
        "contentHash": "Kd4o2oO1A6dfKxjz5LS16QyLtpCFTUiFWwmBABETAXRsSImBdRdWeKjSgbbRhAMiV3a3/nWr95ZtzClT4uaADQ=="
      },
      "Microsoft.EntityFrameworkCore.Relational": {
        "type": "Transitive",
        "resolved": "10.0.12",
        "contentHash": "OiHmr8XzX96dbgMsYGe8qoqg4KxibdZG2r0QUVJBGktFInOp8IrABe8jvcbo5hrqeWfbwpK7fCEBiEPbY/ik4A==",
        "dependencies": {
          "Microsoft.EntityFrameworkCore": "10.0.12"
        }
      },
      "Microsoft.EntityFrameworkCore.Sqlite.Core": {
        "type": "Transitive",
        "resolved": "10.0.12",
        "contentHash": "DAGu68RfIDD5d6qYhtQqMUsRS7hKKFqHI6h/9VUa4FjMcQ8+IJA0rK+1pDZtrDJ+yi3YAG0L2TSViZ0csEDM0w==",
        "dependencies": {
          "Microsoft.Data.Sqlite.Core": "10.0.12",
          "Microsoft.EntityFrameworkCore.Relational": "10.0.12",
          "Microsoft.Extensions.DependencyModel": "10.0.12",
          "SQLitePCLRaw.core": "2.1.12"
        }
      },
      "Microsoft.Extensions.DependencyModel": {
        "type": "Transitive",
        "resolved": "10.0.12",
        "contentHash": "rDPQVTxh/zMTDF7wHlRqL/jjZbwjAP6315ydBxj51pZW7qkAwGwjoSiMutxYI91xmOE3ZXjAGHbYRqzyJV7Urw=="
      },
      "Microsoft.Identity.Client": {
        "type": "Transitive",
        "resolved": "4.61.3",
        "contentHash": "naJo/Qm35Caaoxp5utcw+R8eU8ZtLz2ALh8S+gkekOYQ1oazfCQMWVT4NJ/FnHzdIJlm8dMz0oMpMGCabx5odA==",
        "dependencies": {
          "Microsoft.IdentityModel.Abstractions": "6.35.0"
        }
      },
      "Microsoft.Identity.Client.Extensions.Msal": {
        "type": "Transitive",
        "resolved": "4.61.3",
        "contentHash": "PWnJcznrSGr25MN8ajlc2XIDW4zCFu0U6FkpaNLEWLgd1NgFCp5uDY3mqLDgM8zCN8hqj8yo5wHYfLB2HjcdGw==",
        "dependencies": {
          "Microsoft.Identity.Client": "4.61.3",
          "System.Security.Cryptography.ProtectedData": "4.5.0"
        }
      },
      "Microsoft.IdentityModel.Abstractions": {
        "type": "Transitive",
        "resolved": "6.35.0",
        "contentHash": "xuR8E4Rd96M41CnUSCiOJ2DBh+z+zQSmyrYHdYhD6K4fXBcQGVnRCFQ0efROUYpP+p0zC1BLKr0JRpVuujTZSg=="
      },
      "Microsoft.NETCore.Platforms": {
        "type": "Transitive",
        "resolved": "3.1.4",
        "contentHash": "9/y05/CuxE+j184Nr4KihhB9KcUkvGojmD4JV4Vt/mHhVZR+eOCD5WCM+CXye9K0OFMsaPXbN+IcaIpjgBGZmg=="
      },
      "Microsoft.OpenApi": {
        "type": "Transitive",
        "resolved": "2.12.0",
        "contentHash": "0xB/be+f6qYOhvQPUrVsLrau+fkowYv6gt9RIkajMhwT7sZnqtcA797yW3bS5kgSje+AQW4xZgyLnW641YFioQ=="
      },
      "Microsoft.Win32.SystemEvents": {
        "type": "Transitive",
        "resolved": "4.7.0",
        "contentHash": "mtVirZr++rq+XCDITMUdnETD59XoeMxSpLRIII7JRI6Yj0LEDiO1pPn0ktlnIj12Ix8bfvQqQDMMIF9wC98oCA==",
        "dependencies": {
          "Microsoft.NETCore.Platforms": "3.1.0"
        }
      },
      "NetCord": {
        "type": "Transitive",
        "resolved": "1.0.0-beta.28",
        "contentHash": "yTNehgXwYrSYAt4PbQsnnEVUiupSm27MsHZ9T18QfrUv0SJEma7QzI4239JQ77+kZbla/19x0jcaeJ63YuxSJA=="
      },
      "OpenTelemetry": {
        "type": "Transitive",
        "resolved": "1.19.1",
        "contentHash": "6ywhc3upf+dq8EsOohj7I7zS3l4yX9vfbtFkvyEC8xIUY4Z9iDIOVuke356eCAzIZaWtmwmmyl2UXYCp5n7I3Q==",
        "dependencies": {
          "OpenTelemetry.Api.ProviderBuilderExtensions": "1.19.1"
        }
      },
      "OpenTelemetry.Api": {
        "type": "Transitive",
        "resolved": "1.19.1",
        "contentHash": "9JKIH+xrV0HNTFjQC8zrx9gZpDOMEljN5Htg/U0VE2IvO3N+7bKALCCsGy5tp09marX5dd8UkrgQFoLaulIBRw=="
      },
      "OpenTelemetry.Api.ProviderBuilderExtensions": {
        "type": "Transitive",
        "resolved": "1.19.1",
        "contentHash": "HtGe72B/IhzKqdU0a3fNE5osax/Cegwxd+p4u6lOFy20nsgmeaFuP2NRyFs1WvrOv/bpkII3IvvBkKoZXG8BLg==",
        "dependencies": {
          "OpenTelemetry.Api": "1.19.1"
        }
      },
      "OpenTelemetry.Extensions.AWS": {
        "type": "Transitive",
        "resolved": "1.19.1",
        "contentHash": "tMUdJZHYfm2OW2FHnKQ4vHmDLwj5lDBi75bddbSOBY20EjC5C3e27OicuCvIjq4hEd2fMSx/HgKLxlpHtBfC7g==",
        "dependencies": {
          "OpenTelemetry": "[1.19.1, 2.0.0)"
        }
      },
      "OpenTelemetry.Extensions.Hosting": {
        "type": "Transitive",
        "resolved": "1.19.1",
        "contentHash": "3qqZfVmW8mKA2/fRwI83o8z+yZd33KbEqRlXrlX0+3e/U7i+z0MQiCr0L3Axxa0jGdiylIrpWX4DIT9nAbJ00A==",
        "dependencies": {
          "OpenTelemetry": "1.19.1"
        }
      },
      "OpenTelemetry.Instrumentation.AspNetCore": {
        "type": "Transitive",
        "resolved": "1.19.0",
        "contentHash": "reypo7g0Nzyssg1EkbfWU6W58CVFgtgkSEGrFXtbpA+bNit7HUs7587DOkOdPCgqWr3IL4f6X9B2yhnU6POrFA==",
        "dependencies": {
          "OpenTelemetry.Api.ProviderBuilderExtensions": "[1.19.0, 2.0.0)"
        }
      },
      "OpenTelemetry.Instrumentation.AWS": {
        "type": "Transitive",
        "resolved": "1.19.1",
        "contentHash": "OoRKnOIinhXrm+5NEmwWKQccKLbjpp4sEpzDHNP3m1XYzLAGGl2A212Ct0TUSyLfqrXgqWRzEFb2z4mEczm4yQ==",
        "dependencies": {
          "AWSSDK.Core": "[4.0.3.3, 5.0.0)",
          "AWSSDK.SQS": "[4.0.2.5, 5.0.0)",
          "AWSSDK.SimpleNotificationService": "[4.0.2.7, 5.0.0)",
          "OpenTelemetry.Extensions.AWS": "1.19.1"
        }
      },
      "OpenTelemetry.Instrumentation.AWSLambda": {
        "type": "Transitive",
        "resolved": "1.19.1",
        "contentHash": "BF2iG4GxVQ808QpOQx3eIuD3HdDVd0/WiAckUG9zuCeeDB+sPteyDrNb4ijztZpXJBx5lel5+wYwa2K59eeyzg==",
        "dependencies": {
          "Amazon.Lambda.APIGatewayEvents": "2.7.0",
          "Amazon.Lambda.ApplicationLoadBalancerEvents": "2.2.0",
          "Amazon.Lambda.Core": "2.8.0",
          "Amazon.Lambda.SNSEvents": "2.1.0",
          "Amazon.Lambda.SQSEvents": "2.2.0",
          "OpenTelemetry.Extensions.AWS": "1.19.1"
        }
      },
      "OpenTelemetry.Instrumentation.Cassandra": {
        "type": "Transitive",
        "resolved": "1.0.0-beta.10",
        "contentHash": "OcC1MBBM0MRJZYvuP8jOiGWk3xV28ELmLkIKgMHOMweWXKj8paWH6Hc3dgSuD1sBr8f+/CLsDaSE2/q8mb1yGg==",
        "dependencies": {
          "CassandraCSharpDriver": "3.17.0",
          "Newtonsoft.Json": "13.0.1",
          "OpenTelemetry.Api": "[1.19.0, 2.0.0)"
        }
      },
      "OpenTelemetry.Instrumentation.ElasticsearchClient": {
        "type": "Transitive",
        "resolved": "1.19.1-beta.1",
        "contentHash": "aIi9Y4LlF8V56O46SHB3pGj59JDemdFY+AvSAZud0BIeA0xzvT/ZwepqXa2XEI6vOaJ/ClVBMBZHYGQL2Tq1+g==",
        "dependencies": {
          "OpenTelemetry": "[1.19.1, 2.0.0)"
        }
      },
      "OpenTelemetry.Instrumentation.EntityFrameworkCore": {
        "type": "Transitive",
        "resolved": "1.19.0-beta.1",
        "contentHash": "WYW06xZl1GAqVl9rXW6FQ9xO+RUh5CQB/ZEGLOLqumsgF4GTixuHftW/N48hJnp5Q8UUUMWVzzukUDCm4U9HZw==",
        "dependencies": {
          "OpenTelemetry.Api.ProviderBuilderExtensions": "[1.19.0, 2.0.0)"
        }
      },
      "OpenTelemetry.Instrumentation.GrpcNetClient": {
        "type": "Transitive",
        "resolved": "1.19.1-beta.1",
        "contentHash": "qlfl0TQzSxdVmsiaUfG9R9qLL94tbILENiAc2hM1eREFgP/ABZbE2dh3azZYFlHqNu/tjMquy93cD/czsNUFrA==",
        "dependencies": {
          "OpenTelemetry": "[1.19.1, 2.0.0)"
        }
      },
      "OpenTelemetry.Instrumentation.Hangfire": {
        "type": "Transitive",
        "resolved": "1.19.0-beta.1",
        "contentHash": "XQgVD1HqCh/3acL0ckZg4/+EOwJ9Id0938yHequB8FpeVrhEntTVAaa1eejomUC37JcNT2PLhvXwjZQqDZAOew==",
        "dependencies": {
          "Hangfire.Core": "1.7.0",
          "Newtonsoft.Json": "13.0.1",
          "OpenTelemetry.Api.ProviderBuilderExtensions": "[1.19.0, 2.0.0)"
        }
      },
      "OpenTelemetry.Instrumentation.Http": {
        "type": "Transitive",
        "resolved": "1.19.0",
        "contentHash": "+egJpWBRfYP3ldfexV2bmJyzOWkkOPVYikw/vUEtbUvf2exJfY3RGInXrYlubhBIH6rmNEn6sI/FmqenZJwkjw==",
        "dependencies": {
          "OpenTelemetry.Api.ProviderBuilderExtensions": "[1.19.0, 2.0.0)"
        }
      },
      "OpenTelemetry.Instrumentation.Process": {
        "type": "Transitive",
        "resolved": "1.19.0-rc.1",
        "contentHash": "Pl0vOlpxf+VaqGimA9KzQf3v06dvCRaXEGJFnOhxuwm1bX2CnuMnogeqNhXbm3ppSK/uufA8rbNvAZOh5x2wkQ==",
        "dependencies": {
          "OpenTelemetry.Api": "[1.19.0, 2.0.0)"
        }
      },
      "OpenTelemetry.Instrumentation.Quartz": {
        "type": "Transitive",
        "resolved": "1.19.0-beta.1",
        "contentHash": "2wcoPxRBsOYHEwqnNRyNrZ10M86Z88jlqbYrUksDfDv5y56qX2yhBuva2HfEAgDcjwQYOkQWfVphPMExCPym4g==",
        "dependencies": {
          "OpenTelemetry.Api": "[1.19.0, 2.0.0)"
        }
      },
      "OpenTelemetry.Instrumentation.Runtime": {
        "type": "Transitive",
        "resolved": "1.19.0",
        "contentHash": "VIH2tQ2h31j4wQyZ9Utk8ZXIyj7Z1j0xIiyPRGjYu1MmZjJtpxRh0Y/NnB6fEBimNg/WrX0jDyfMeEjPQqmaMA==",
        "dependencies": {
          "OpenTelemetry.Api": "[1.19.0, 2.0.0)"
        }
      },
      "OpenTelemetry.Instrumentation.SqlClient": {
        "type": "Transitive",
        "resolved": "1.19.0",
        "contentHash": "JYdCD0Hkn0+hbSNTjDWENIlsR0CquiH2g6g2jme8Pv1GdDKjJ4/hQnOPJ3vX6XNV/RLf5T1551FeX4DncbdmXw==",
        "dependencies": {
          "OpenTelemetry.Api.ProviderBuilderExtensions": "[1.19.0, 2.0.0)"
        }
      },
      "OpenTelemetry.Instrumentation.StackExchangeRedis": {
        "type": "Transitive",
        "resolved": "1.19.0-beta.1",
        "contentHash": "m5Zbg7fLku2yviSyFN7TWMuduLk0y8dbVJ/TVmsgeob4St8JYpdpht28LCIuogfEIMJ+x7Ikkztw57ipgyzZ8Q==",
        "dependencies": {
          "OpenTelemetry.Api.ProviderBuilderExtensions": "[1.19.0, 2.0.0)",
          "StackExchange.Redis": "2.6.122"
        }
      },
      "OpenTelemetry.Instrumentation.Wcf": {
        "type": "Transitive",
        "resolved": "1.19.1-beta.1",
        "contentHash": "0gmiN8o2VaVpnxQ+C4Ps8Klv6Yx/LzceDptfi+4tXdJkIoJD7jZ+IVHWHOmVaTLlzf70Jc95KRe1D09wXfF7cg==",
        "dependencies": {
          "OpenTelemetry": "[1.19.1, 2.0.0)",
          "System.Drawing.Common": "4.7.2",
          "System.ServiceModel.Primitives": "4.7.0"
        }
      },
      "OpenTelemetry.Resources.Container": {
        "type": "Transitive",
        "resolved": "1.19.1-beta.1",
        "contentHash": "+fkyQxSiUd/c8e76KisRNWQLFYea+phElKRI8xsi0TM08p8t+p63Kx30DU4U+/V0znUkhpiU3ZqGbeUqY1SDSw==",
        "dependencies": {
          "OpenTelemetry": "[1.19.1, 2.0.0)"
        }
      },
      "OpenTelemetry.Resources.Host": {
        "type": "Transitive",
        "resolved": "1.19.1-beta.1",
        "contentHash": "7OMzjmYn22RJmhKhZ3KW0BotO1UsDpPGKKL0bPB0UUSIZDf6j1RFwx3apZ5Sv7tyForebX/o4zPswUjXsZmvMg==",
        "dependencies": {
          "OpenTelemetry": "[1.19.1, 2.0.0)"
        }
      },
      "OpenTelemetry.Resources.OperatingSystem": {
        "type": "Transitive",
        "resolved": "1.19.1-beta.1",
        "contentHash": "hs1hlslL8g+0AfhVS/7AI94B7f+jKAB0DGl9KAFb9IIF/iTwNjfzyFWft9KhkRkad3/BmoUbAhjbU9QHAYtFSQ==",
        "dependencies": {
          "OpenTelemetry": "[1.19.1, 2.0.0)"
        }
      },
      "OpenTelemetry.Resources.Process": {
        "type": "Transitive",
        "resolved": "1.19.1-rc.1",
        "contentHash": "T3fcERzgrgVn9rzc2P/URBJBBJI/Hhjs04s3D5MmTW9x2Js2McV1ddOdZFG5bGoflTiC1w3FdzxbZQeZ9S8J4A==",
        "dependencies": {
          "OpenTelemetry": "[1.19.1, 2.0.0)"
        }
      },
      "OpenTelemetry.Resources.ProcessRuntime": {
        "type": "Transitive",
        "resolved": "1.19.1-beta.1",
        "contentHash": "fLiYjjUGqZI7cdGB/Eo0drTUyw7xRzH9aiE2VYdkv4ZgL7pxfzAyVLfGAoUO7MAjsjPmP4swHfvUHUYNwRf4eQ==",
        "dependencies": {
          "OpenTelemetry": "[1.19.1, 2.0.0)"
        }
      },
      "Pipelines.Sockets.Unofficial": {
        "type": "Transitive",
        "resolved": "2.2.8",
        "contentHash": "zG2FApP5zxSx6OcdJQLbZDk2AVlN2BNQD6MorwIfV6gVj0RRxWPEp2LXAxqDGZqeNV1Zp0BNPcNaey/GXmTdvQ=="
      },
      "SQLitePCLRaw.bundle_e_sqlite3": {
        "type": "Transitive",
        "resolved": "2.1.12",
        "contentHash": "mAgscpQMLw5/nfA1Q5oJVAT29yROUo1ifZGbbTpx/lwZpSxMUGoYbKfmvdm8oXER+RzxqBmmQzeBEVKfeHv2nw==",
        "dependencies": {
          "SQLitePCLRaw.lib.e_sqlite3": "2.1.12",
          "SQLitePCLRaw.provider.e_sqlite3": "2.1.12"
        }
      },
      "SQLitePCLRaw.core": {
        "type": "Transitive",
        "resolved": "2.1.12",
        "contentHash": "ETpNw9DY3ckWLgRRAeCHj+GKOuPi61aeczkXhgHexUvqoZBAYg8RYESE2J7O1M7+o6QbdSEZwrw9bfqztUVWXg=="
      },
      "SQLitePCLRaw.lib.e_sqlite3": {
        "type": "Transitive",
        "resolved": "2.1.12",
        "contentHash": "fWi8Dbknuhgg72fWinIdjXVaqO1hHL4YBBwVLnr7e1c9TAZwJ0QE38j9syW1hwx6HaqEVTwI+O07WPdZn8Rp0w=="
      },
      "SQLitePCLRaw.provider.e_sqlite3": {
        "type": "Transitive",
        "resolved": "2.1.12",
        "contentHash": "W3oH4XIfCzFrgUSDKHhN6N+dgzA5YHOR2VxX8GB6Qy7CyrJJgxPEG8NirgYWlPQC5P2jz2knSsexWu4tDUL33g==",
        "dependencies": {
          "SQLitePCLRaw.core": "2.1.12"
        }
      },
      "StackExchange.Redis": {
        "type": "Transitive",
        "resolved": "2.6.122",
        "contentHash": "wp7mvGpFXaevfZ07/SDeh/6YHUJEgwJIGyjbDWKBYbPwKMJQYFz9zFEmBptqtVzqvSgft5nlewwutoaMaG0LPA==",
        "dependencies": {
          "Pipelines.Sockets.Unofficial": "2.2.8"
        }
      },
      "System.ClientModel": {
        "type": "Transitive",
        "resolved": "1.0.0",
        "contentHash": "I3CVkvxeqFYjIVEP59DnjbeoGNfo/+SZrCLpRz2v/g0gpCHaEMPtWSY0s9k/7jR1rAsLNg2z2u1JRB76tPjnIw==",
        "dependencies": {
          "System.Memory.Data": "1.0.2"
        }
      },
      "System.CodeDom": {
        "type": "Transitive",
        "resolved": "4.7.0",
        "contentHash": "Hs9pw/kmvH3lXaZ1LFKj3pLQsiGfj2xo3sxSzwiLlRL6UcMZUTeCfoJ9Udalvn3yq5dLlPEZzYegrTQ1/LhPOQ=="
      },
      "System.ComponentModel.Annotations": {
        "type": "Transitive",
        "resolved": "5.0.0",
        "contentHash": "dMkqfy2el8A8/I76n2Hi1oBFEbG1SfxD2l5nhwXV3XjlnOmwxJlQbYpJH4W51odnU9sARCSAgv7S3CyAFMkpYg=="
      },
      "System.Drawing.Common": {
        "type": "Transitive",
        "resolved": "4.7.2",
        "contentHash": "I2y4KBK3VCvU/WqE2xv7NjQ67maXHttkFSHYKgU2evrG9Yqh0oFjfORXt5hZTk+BVjdyFo2h0/YQZsca33BGmg==",
        "dependencies": {
          "Microsoft.NETCore.Platforms": "3.1.4",
          "Microsoft.Win32.SystemEvents": "4.7.0"
        }
      },
      "System.Management": {
        "type": "Transitive",
        "resolved": "4.7.0",
        "contentHash": "IY+uuGhgzWiCg21i8IvQeY/Z7m1tX8VuPF+ludfn7iTCaccTtJo5HkjZbBEL8kbBubKhAKKtNXr7uMtmAc28Pw==",
        "dependencies": {
          "Microsoft.NETCore.Platforms": "3.1.0",
          "System.CodeDom": "4.7.0"
        }
      },
      "System.Memory.Data": {
        "type": "Transitive",
        "resolved": "1.0.2",
        "contentHash": "JGkzeqgBsiZwKJZ1IxPNsDFZDhUvuEdX8L8BDC8N3KOj+6zMcNU28CNN59TpZE/VJYy9cP+5M+sbxtWJx3/xtw=="
      },
      "System.Private.ServiceModel": {
        "type": "Transitive",
        "resolved": "4.7.0",
        "contentHash": "BItrYCkoTV3VzVPsrew+uc34fmLb+3ncgspa7vbO3vkfY9JQCea4u34pHE+Bcv1Iy16MgRs3n2jKVRCDg0rPfg=="
      },
      "System.Security.Cryptography.ProtectedData": {
        "type": "Transitive",
        "resolved": "4.7.0",
        "contentHash": "ehYW0m9ptxpGWvE4zgqongBVWpSDU/JCFD4K7krxkQwSz/sFQjEXCUqpvencjy6DYDbn7Ig09R8GFffu8TtneQ=="
      },
      "System.ServiceModel.Primitives": {
        "type": "Transitive",
        "resolved": "4.7.0",
        "contentHash": "YUXIMO4kL1v6dUVptJGixAx/8Ai5trQzVn3gbk0mpwxh77kGAs+MyBRoHN/5ZoxtwNn4E1dq3N4rJCAgAUaiJA==",
        "dependencies": {
          "System.Private.ServiceModel": "4.7.0"
        }
      },
      "database": {
        "type": "Project",
        "dependencies": {
          "Microsoft.EntityFrameworkCore.Sqlite": "[10.0.12, )",
          "Utilities": "[1.0.0, )"
        }
      },
      "scraper": {
        "type": "Project",
        "dependencies": {
          "Microsoft.CodeAnalysis.CSharp": "[5.9.0, )",
          "Microsoft.Playwright": "[1.63.0, )",
          "SiteChecker.Scripting": "[1.0.0, )",
          "Utilities": "[1.0.0, )"
        }
      },
      "SiteChecker.Scripting": {
        "type": "Project",
        "dependencies": {
          "Microsoft.Playwright": "[1.63.0, )"
        }
      },
      "utilities": {
        "type": "Project"
      },
      "Microsoft.CodeAnalysis.CSharp": {
        "type": "CentralTransitive",
        "requested": "[5.9.0, )",
        "resolved": "5.9.0",
        "contentHash": "7JGDA0UT1+h7k9ZcA3rF4eFC8+QPq1xyYaXxag4p8r/zzPurEJxvdi7aM+MRL/SfP7XADXpWF/pl/eUYXOq/ww==",
        "dependencies": {
          "Microsoft.CodeAnalysis.Analyzers": "5.9.0-1.26328.17",
          "Microsoft.CodeAnalysis.Common": "[5.9.0]"
        }
      },
      "Microsoft.EntityFrameworkCore.Sqlite": {
        "type": "CentralTransitive",
        "requested": "[10.0.12, )",
        "resolved": "10.0.12",
        "contentHash": "rRXkKBWHjtngj2DYqSXOThGpqiR0LQkxk0b0PIVDhVEzfwpgOR7dbKMw1/My8unDCTCwn/blclR7imxntYGvEg==",
        "dependencies": {
          "Microsoft.EntityFrameworkCore.Sqlite.Core": "10.0.12",
          "Microsoft.Extensions.DependencyModel": "10.0.12",
          "SQLitePCLRaw.bundle_e_sqlite3": "2.1.12",
          "SQLitePCLRaw.core": "2.1.12"
        }
      },
      "Microsoft.Playwright": {
        "type": "CentralTransitive",
        "requested": "[1.63.0, )",
        "resolved": "1.63.0",
        "contentHash": "O9F45Tt5vjauIo7mTTgQtahigL7cfRLvBMpErLJfdvgCnQ14yue5BmRASNnfNBWRBni4Mqp2YiD1eFGIO4nUUw==",
        "dependencies": {
          "Microsoft.Bcl.AsyncInterfaces": "6.0.0",
          "System.ComponentModel.Annotations": "5.0.0"
        }
      },
      "Newtonsoft.Json": {
        "type": "CentralTransitive",
        "requested": "[13.0.4, )",
        "resolved": "13.0.3",
        "contentHash": "HrC5BXdl00IP9zeV+0Z848QWPAoCr9P3bDEZguI+gkLcBKAOxix/tLEAAHC+UvDNPv4a2d18lOReHMOagPa+zQ=="
      }
    }
  }
}